# generated by rye
# use `rye lock` or `rye sync` to update this lockfile
#
# last locked with the following flags:
#   pre: false
#   features: []
#   all-features: true
#   with-sources: false

-e file:.
aiohttp==3.9.5
    # via coiled
aiosignal==1.3.1
    # via aiohttp
anyio==4.3.0
    # via httpx
asttokens==2.4.1
    # via stack-data
attrs==23.2.0
    # via aiohttp
    # via pytask
    # via pytask-parallel
backoff==2.2.1
    # via coiled
bcrypt==4.1.2
    # via paramiko
beautifulsoup4==4.12.3
    # via software-patents
boto3==1.34.86
    # via coiled
botocore==1.34.86
    # via boto3
    # via s3transfer
certifi==2024.2.2
    # via httpcore
    # via httpx
cffi==1.16.0
    # via cryptography
    # via pynacl
click==8.1.7
    # via click-default-group
    # via coiled
    # via dask
    # via distributed
    # via pytask
    # via pytask-parallel
click-default-group==1.2.4
    # via pytask
cloudpickle==3.0.0
    # via dask
    # via distributed
    # via loky
    # via pytask-parallel
coiled==1.18.0
    # via software-patents
comm==0.2.2
    # via ipywidgets
contourpy==1.2.1
    # via matplotlib
coverage==7.4.4
    # via pytest-cov
cryptography==42.0.5
    # via paramiko
cycler==0.12.1
    # via matplotlib
dask==2024.4.1
    # via coiled
    # via distributed
    # via software-patents
decorator==5.1.1
    # via fabric
    # via ipython
deprecated==1.2.14
    # via fabric
distributed==2024.4.1
    # via coiled
et-xmlfile==1.1.0
    # via openpyxl
executing==2.0.1
    # via stack-data
fabric==3.2.2
    # via coiled
filelock==3.13.4
    # via coiled
fonttools==4.51.0
    # via matplotlib
frozenlist==1.4.1
    # via aiohttp
    # via aiosignal
fsspec==2024.3.1
    # via dask
    # via universal-pathlib
gilknocker==0.4.1
    # via coiled
greenlet==3.0.3
    # via sqlalchemy
h11==0.14.0
    # via httpcore
h2==4.1.0
    # via httpx
hpack==4.0.0
    # via h2
httpcore==1.0.5
    # via httpx
httpx==0.27.0
    # via coiled
    # via software-patents
hyperframe==6.0.1
    # via h2
idna==3.7
    # via anyio
    # via httpx
    # via yarl
importlib-metadata==7.1.0
    # via coiled
iniconfig==2.0.0
    # via pytest
invoke==2.2.0
    # via coiled
    # via fabric
ipython==8.23.0
    # via ipywidgets
ipywidgets==8.1.2
    # via coiled
jedi==0.19.1
    # via ipython
jinja2==3.1.3
    # via distributed
jmespath==1.0.1
    # via boto3
    # via botocore
    # via coiled
joblib==1.4.0
    # via scikit-learn
jsondiff==2.0.0
    # via coiled
jupyterlab-widgets==3.0.10
    # via ipywidgets
kiwisolver==1.4.5
    # via matplotlib
latex-dependency-scanner==0.1.2
    # via pytask-latex
locket==1.0.0
    # via distributed
    # via partd
loky==3.4.1
    # via pytask-parallel
markdown-it-py==3.0.0
    # via rich
markupsafe==2.1.5
    # via jinja2
matplotlib==3.8.4
    # via software-patents
matplotlib-inline==0.1.7
    # via ipython
mdurl==0.1.2
    # via markdown-it-py
msgpack==1.0.8
    # via distributed
multidict==6.0.5
    # via aiohttp
    # via yarl
networkx==3.3
    # via pytask
numpy==1.26.4
    # via contourpy
    # via matplotlib
    # via pandas
    # via scikit-learn
    # via scipy
openpyxl==3.1.2
    # via software-patents
optree==0.11.0
    # via pytask
packaging==24.0
    # via coiled
    # via dask
    # via distributed
    # via matplotlib
    # via pip-requirements-parser
    # via pytask
    # via pytest
pandas==2.2.2
    # via software-patents
paramiko==3.4.0
    # via coiled
    # via fabric
parso==0.8.4
    # via jedi
partd==1.4.1
    # via dask
pexpect==4.9.0
    # via ipython
pillow==10.3.0
    # via matplotlib
pip==24.0
    # via coiled
pip-requirements-parser==32.0.1
    # via coiled
pluggy==1.4.0
    # via pytask
    # via pytask-latex
    # via pytask-parallel
    # via pytest
prometheus-client==0.20.0
    # via coiled
prompt-toolkit==3.0.43
    # via ipython
psutil==5.9.8
    # via distributed
ptyprocess==0.7.0
    # via pexpect
pure-eval==0.2.2
    # via stack-data
pycparser==2.22
    # via cffi
pygments==2.17.2
    # via ipython
    # via rich
pynacl==1.5.0
    # via paramiko
pyparsing==3.1.2
    # via matplotlib
    # via pip-requirements-parser
pytask==0.4.7
    # via pytask-latex
    # via pytask-parallel
    # via software-patents
pytask-latex==0.4.2
    # via software-patents
pytask-parallel==0.4.1
    # via software-patents
pytest==8.1.1
    # via pytest-cov
    # via software-patents
pytest-cov==5.0.0
    # via software-patents
python-dateutil==2.9.0.post0
    # via botocore
    # via matplotlib
    # via pandas
pytz==2024.1
    # via pandas
pyyaml==6.0.1
    # via dask
    # via distributed
rich==13.7.1
    # via coiled
    # via pytask
    # via pytask-parallel
s3transfer==0.10.1
    # via boto3
scikit-learn==1.4.2
    # via software-patents
scipy==1.13.0
    # via scikit-learn
setuptools==69.5.1
    # via coiled
six==1.16.0
    # via asttokens
    # via python-dateutil
sniffio==1.3.1
    # via anyio
    # via httpx
sortedcontainers==2.4.0
    # via distributed
soupsieve==2.5
    # via beautifulsoup4
sqlalchemy==2.0.29
    # via pytask
stack-data==0.6.3
    # via ipython
tblib==3.0.0
    # via distributed
threadpoolctl==3.4.0
    # via scikit-learn
toml==0.10.2
    # via coiled
toolz==0.12.1
    # via dask
    # via distributed
    # via partd
tornado==6.4
    # via distributed
traitlets==5.14.2
    # via comm
    # via ipython
    # via ipywidgets
    # via matplotlib-inline
typing-extensions==4.11.0
    # via coiled
    # via optree
    # via sqlalchemy
tzdata==2024.1
    # via pandas
universal-pathlib==0.2.2
    # via software-patents
urllib3==2.2.1
    # via botocore
    # via distributed
wcwidth==0.2.13
    # via prompt-toolkit
wheel==0.43.0
    # via coiled
widgetsnbextension==4.0.10
    # via ipywidgets
wrapt==1.16.0
    # via deprecated
yarl==1.9.4
    # via aiohttp
zict==3.0.0
    # via distributed
zipp==3.18.1
    # via importlib-metadata
